
Microsoft Visual Studio Solution File, Format Version 12.00
# Visual Studio Version 17
VisualStudioVersion = 17.1.32421.90
MinimumVisualStudioVersion = 10.0.40219.1
Project("{FAE04EC0-301F-11D3-BF4B-00C04F79EFBC}") = "XMLLINK", "XMLLINK\XMLLINK.csproj", "{4BE7DD50-BEED-4A06-9EC7-A52D7F41B85B}"
EndProject
Global
	GlobalSection(SolutionConfigurationPlatforms) = preSolution
		Debug|Any CPU = Debug|Any CPU
		Release|Any CPU = Release|Any CPU
	EndGlobalSection
	GlobalSection(ProjectConfigurationPlatforms) = postSolution
		{4BE7DD50-BEED-4A06-9EC7-A52D7F41B85B}.Debug|Any CPU.ActiveCfg = Debug|Any CPU
		{4BE7DD50-BEED-4A06-9EC7-A52D7F41B85B}.Debug|Any CPU.Build.0 = Debug|Any CPU
		{4BE7DD50-BEED-4A06-9EC7-A52D7F41B85B}.Release|Any CPU.ActiveCfg = Release|Any CPU
		{4BE7DD50-BEED-4A06-9EC7-A52D7F41B85B}.Release|Any CPU.Build.0 = Release|Any CPU
	EndGlobalSection
	GlobalSection(SolutionProperties) = preSolution
		HideSolutionNode = FALSE
	EndGlobalSection
	GlobalSection(ExtensibilityGlobals) = postSolution
		SolutionGuid = {9188FA17-2988-48AF-BE6E-35DB50F0EE30}
	EndGlobalSection
EndGlobal
