
Microsoft Visual Studio Solution File, Format Version 12.00
# Visual Studio Version 17
VisualStudioVersion = 17.1.32421.90
MinimumVisualStudioVersion = 10.0.40219.1
Project("{FAE04EC0-301F-11D3-BF4B-00C04F79EFBC}") = "FileSystemNet", "FileSystemNet\FileSystemNet.csproj", "{0D577A68-E065-4BEC-9713-16A3E93E2DE2}"
EndProject
Global
	GlobalSection(SolutionConfigurationPlatforms) = preSolution
		Debug|Any CPU = Debug|Any CPU
		Release|Any CPU = Release|Any CPU
	EndGlobalSection
	GlobalSection(ProjectConfigurationPlatforms) = postSolution
		{0D577A68-E065-4BEC-9713-16A3E93E2DE2}.Debug|Any CPU.ActiveCfg = Debug|Any CPU
		{0D577A68-E065-4BEC-9713-16A3E93E2DE2}.Debug|Any CPU.Build.0 = Debug|Any CPU
		{0D577A68-E065-4BEC-9713-16A3E93E2DE2}.Release|Any CPU.ActiveCfg = Release|Any CPU
		{0D577A68-E065-4BEC-9713-16A3E93E2DE2}.Release|Any CPU.Build.0 = Release|Any CPU
	EndGlobalSection
	GlobalSection(SolutionProperties) = preSolution
		HideSolutionNode = FALSE
	EndGlobalSection
	GlobalSection(ExtensibilityGlobals) = postSolution
		SolutionGuid = {6509F2B0-41DB-4948-B301-072D7670C2B8}
	EndGlobalSection
EndGlobal
